
Microsoft Visual Studio Solution File, Format Version 12.00
# Visual Studio 15
VisualStudioVersion = 15.0.26228.9
MinimumVisualStudioVersion = 10.0.40219.1
Project("{FAE04EC0-301F-11D3-BF4B-00C04F79EFBC}") = "IATCSharp", "IATCSharp\IATCSharp.csproj", "{26647BA2-38D4-4FFA-BE68-DFAAE93B5E1D}"
EndProject
Project("{8BC9CEB8-8B4A-11D0-8D11-00A0C91BC942}") = "tts", "tts\tts.vcxproj", "{EEC74B38-7BE8-4398-94D2-3F9A743619AF}"
EndProject
Global
	GlobalSection(SolutionConfigurationPlatforms) = preSolution
		Debug|Any CPU = Debug|Any CPU
		Debug|x64 = Debug|x64
		Debug|x86 = Debug|x86
		Release|Any CPU = Release|Any CPU
		Release|x64 = Release|x64
		Release|x86 = Release|x86
	EndGlobalSection
	GlobalSection(ProjectConfigurationPlatforms) = postSolution
		{26647BA2-38D4-4FFA-BE68-DFAAE93B5E1D}.Debug|Any CPU.ActiveCfg = Debug|Any CPU
		{26647BA2-38D4-4FFA-BE68-DFAAE93B5E1D}.Debug|Any CPU.Build.0 = Debug|Any CPU
		{26647BA2-38D4-4FFA-BE68-DFAAE93B5E1D}.Debug|x64.ActiveCfg = Debug|Any CPU
		{26647BA2-38D4-4FFA-BE68-DFAAE93B5E1D}.Debug|x64.Build.0 = Debug|Any CPU
		{26647BA2-38D4-4FFA-BE68-DFAAE93B5E1D}.Debug|x86.ActiveCfg = Debug|Any CPU
		{26647BA2-38D4-4FFA-BE68-DFAAE93B5E1D}.Debug|x86.Build.0 = Debug|Any CPU
		{26647BA2-38D4-4FFA-BE68-DFAAE93B5E1D}.Release|Any CPU.ActiveCfg = Release|Any CPU
		{26647BA2-38D4-4FFA-BE68-DFAAE93B5E1D}.Release|Any CPU.Build.0 = Release|Any CPU
		{26647BA2-38D4-4FFA-BE68-DFAAE93B5E1D}.Release|x64.ActiveCfg = Release|Any CPU
		{26647BA2-38D4-4FFA-BE68-DFAAE93B5E1D}.Release|x64.Build.0 = Release|Any CPU
		{26647BA2-38D4-4FFA-BE68-DFAAE93B5E1D}.Release|x86.ActiveCfg = Release|Any CPU
		{26647BA2-38D4-4FFA-BE68-DFAAE93B5E1D}.Release|x86.Build.0 = Release|Any CPU
		{EEC74B38-7BE8-4398-94D2-3F9A743619AF}.Debug|Any CPU.ActiveCfg = Debug|Win32
		{EEC74B38-7BE8-4398-94D2-3F9A743619AF}.Debug|x64.ActiveCfg = Debug|x64
		{EEC74B38-7BE8-4398-94D2-3F9A743619AF}.Debug|x64.Build.0 = Debug|x64
		{EEC74B38-7BE8-4398-94D2-3F9A743619AF}.Debug|x86.ActiveCfg = Debug|Win32
		{EEC74B38-7BE8-4398-94D2-3F9A743619AF}.Debug|x86.Build.0 = Debug|Win32
		{EEC74B38-7BE8-4398-94D2-3F9A743619AF}.Release|Any CPU.ActiveCfg = Release|Win32
		{EEC74B38-7BE8-4398-94D2-3F9A743619AF}.Release|x64.ActiveCfg = Release|x64
		{EEC74B38-7BE8-4398-94D2-3F9A743619AF}.Release|x64.Build.0 = Release|x64
		{EEC74B38-7BE8-4398-94D2-3F9A743619AF}.Release|x86.ActiveCfg = Release|Win32
		{EEC74B38-7BE8-4398-94D2-3F9A743619AF}.Release|x86.Build.0 = Release|Win32
	EndGlobalSection
	GlobalSection(SolutionProperties) = preSolution
		HideSolutionNode = FALSE
	EndGlobalSection
EndGlobal
